
Microsoft Visual Studio Solution File, Format Version 12.00
# Visual Studio 14
VisualStudioVersion = 14.0.24720.0
MinimumVisualStudioVersion = 10.0.40219.1
Project("{FAE04EC0-301F-11D3-BF4B-00C04F79EFBC}") = "ASPNETJSON", "ASPNETJSON\ASPNETJSON.csproj", "{0C4A2775-4D6D-483D-8388-445E8F7CE59A}"
EndProject
Global
	GlobalSection(SolutionConfigurationPlatforms) = preSolution
		Debug|Any CPU = Debug|Any CPU
		Release|Any CPU = Release|Any CPU
	EndGlobalSection
	GlobalSection(ProjectConfigurationPlatforms) = postSolution
		{0C4A2775-4D6D-483D-8388-445E8F7CE59A}.Debug|Any CPU.ActiveCfg = Debug|Any CPU
		{0C4A2775-4D6D-483D-8388-445E8F7CE59A}.Debug|Any CPU.Build.0 = Debug|Any CPU
		{0C4A2775-4D6D-483D-8388-445E8F7CE59A}.Release|Any CPU.ActiveCfg = Release|Any CPU
		{0C4A2775-4D6D-483D-8388-445E8F7CE59A}.Release|Any CPU.Build.0 = Release|Any CPU
	EndGlobalSection
	GlobalSection(SolutionProperties) = preSolution
		HideSolutionNode = FALSE
	EndGlobalSection
EndGlobal
